
Microsoft Visual Studio Solution File, Format Version 12.00
Project("{FAE04EC0-301F-11D3-BF4B-00C04F79EFBC}") = "zad4-6", "zad4-6.csproj", "{FE11AA4C-F922-4E0B-BE2B-C309515333B2}"
EndProject
Global
	GlobalSection(SolutionConfigurationPlatforms) = preSolution
		Debug|Any CPU = Debug|Any CPU
		Release|Any CPU = Release|Any CPU
	EndGlobalSection
	GlobalSection(ProjectConfigurationPlatforms) = postSolution
		{FE11AA4C-F922-4E0B-BE2B-C309515333B2}.Debug|Any CPU.ActiveCfg = Debug|Any CPU
		{FE11AA4C-F922-4E0B-BE2B-C309515333B2}.Debug|Any CPU.Build.0 = Debug|Any CPU
		{FE11AA4C-F922-4E0B-BE2B-C309515333B2}.Release|Any CPU.ActiveCfg = Release|Any CPU
		{FE11AA4C-F922-4E0B-BE2B-C309515333B2}.Release|Any CPU.Build.0 = Release|Any CPU
	EndGlobalSection
EndGlobal
